# THIS IS AN AUTOGENERATED FILE. DO NOT EDIT THIS FILE DIRECTLY.
# yarn lockfile v1


"@ttskch/select2-bootstrap4-theme@^1.4.0":
  version "1.4.0"
  resolved "https://registry.yarnpkg.com/@ttskch/select2-bootstrap4-theme/-/select2-bootstrap4-theme-1.4.0.tgz#1e15ed14c5adbd6f86940811e195bde984aa9882"
  integrity sha512-5WVMdFpQLx0vKxX0/LfapI0aE+qUYOuOuMjOc+ecN8vsr7plcBsgIbp4YtlpLmQR9aqgyM1QyqEiO/FwB+qaqQ==

array-shuffle@^1.0.1:
  version "1.0.1"
  resolved "https://registry.yarnpkg.com/array-shuffle/-/array-shuffle-1.0.1.tgz#7ea4882a356b4bca5f545e0b6e52eaf6d971557a"
  integrity sha1-fqSIKjVrS8pfVF4LblLq9tlxVXo=

bootstrap@^4.5.0:
  version "4.5.2"
  resolved "https://registry.yarnpkg.com/bootstrap/-/bootstrap-4.5.2.tgz#a85c4eda59155f0d71186b6e6ad9b875813779ab"
  integrity sha512-vlGn0bcySYl/iV+BGA544JkkZP5LB3jsmkeKLFQakCOwCM3AOk7VkldBz4jrzSe+Z0Ezn99NVXa1o45cQY4R6A==

desandro-matches-selector@^2.0.0:
  version "2.0.2"
  resolved "https://registry.yarnpkg.com/desandro-matches-selector/-/desandro-matches-selector-2.0.2.tgz#717beed4dc13e7d8f3762f707a6d58a6774218e1"
  integrity sha1-cXvu1NwT59jzdi9wem1YpndCGOE=

ev-emitter@^1.0.1, ev-emitter@^1.1.1:
  version "1.1.1"
  resolved "https://registry.yarnpkg.com/ev-emitter/-/ev-emitter-1.1.1.tgz#8f18b0ce5c76a5d18017f71c0a795c65b9138f2a"
  integrity sha512-ipiDYhdQSCZ4hSbX4rMW+XzNKMD1prg/sTvoVmSLkuQ1MVlwjJQQA+sW8tMYR3BLUr9KjodFV4pvzunvRhd33Q==

fg-collapsible@^0.14.0:
  version "0.14.0"
  resolved "https://registry.yarnpkg.com/fg-collapsible/-/fg-collapsible-0.14.0.tgz#838b28254176fa2e9e26dcd59c9e5ac8de2c702e"
  integrity sha512-CXsYRxRMzE4NohMzRK9Jaq6oi1frUKrcKss6W3Ym9EbsuMRqKVk/laI+CfpuEb6M53EVA5TZn8ADt9v4++tsGA==

fizzy-ui-utils@^2.0.0, fizzy-ui-utils@^2.0.7:
  version "2.0.7"
  resolved "https://registry.yarnpkg.com/fizzy-ui-utils/-/fizzy-ui-utils-2.0.7.tgz#7df45dcc4eb374a08b65d39bb9a4beedf7330505"
  integrity sha512-CZXDVXQ1If3/r8s0T+v+qVeMshhfcuq0rqIFgJnrtd+Bu8GmDmqMjntjUePypVtjHXKJ6V4sw9zeyox34n9aCg==
  dependencies:
    desandro-matches-selector "^2.0.0"

flickity-fade@^1.0.0:
  version "1.0.0"
  resolved "https://registry.yarnpkg.com/flickity-fade/-/flickity-fade-1.0.0.tgz#3f613cd07c7afddef193936832932ff296ade135"
  integrity sha512-5iXHN+nqjQcph6fqOw+/wAr0FHxIrcVQyKfwyVoI325CYrl9sVsx7cr6cyAih9sDYiUCGzrM6OykG7mSb5LPMg==
  dependencies:
    fizzy-ui-utils "^2.0.0"
    flickity "^2.2.0"

flickity@^2.2.0, flickity@^2.2.1:
  version "2.2.1"
  resolved "https://registry.yarnpkg.com/flickity/-/flickity-2.2.1.tgz#81126e3d656cb54577358a5f959ffdbda088e670"
  integrity sha512-fCZJGNqabgDrIhaUBqt2ydE8c5V6iiB3KQAf6dH3Z45MoDUm7g6+uZmteN0aLV9pzVItNqCbfOJQjsJM/rHuSA==
  dependencies:
    desandro-matches-selector "^2.0.0"
    ev-emitter "^1.1.1"
    fizzy-ui-utils "^2.0.7"
    get-size "^2.0.3"
    unidragger "^2.3.0"
    unipointer "^2.3.0"

get-size@^2.0.3:
  version "2.0.3"
  resolved "https://registry.yarnpkg.com/get-size/-/get-size-2.0.3.tgz#54a1d0256b20ea7ac646516756202769941ad2ef"
  integrity sha512-lXNzT/h/dTjTxRbm9BXb+SGxxzkm97h/PCIKtlN/CBCxxmkkIVV21udumMS93MuVTDX583gqc94v3RjuHmI+2Q==

jquery-bonsai@^2.1.3:
  version "2.1.3"
  resolved "https://registry.yarnpkg.com/jquery-bonsai/-/jquery-bonsai-2.1.3.tgz#50702e083dd2394d0eecb9f6c73923aa9ed3009e"
  integrity sha512-NtSKC4X6Zg9g7RRLtL7u1MKTLqa/JcjiXFS9YZmdoL6yreLiFc63adKFPPSMZ0aLOGW7N8wqKFc6QUkvoLifXg==
  dependencies:
    jquery "*"
    jquery-qubit "^2.0.8"

jquery-qubit@^2.0.8:
  version "2.0.9"
  resolved "https://registry.yarnpkg.com/jquery-qubit/-/jquery-qubit-2.0.9.tgz#a667c4784de575a91a09dc27bcb2f861a299e62b"
  integrity sha1-pmfEeE3ldakaCdwnvLL4YaKZ5is=
  dependencies:
    jquery "*"

jquery@*, jquery@^3.5.1:
  version "3.5.1"
  resolved "https://registry.yarnpkg.com/jquery/-/jquery-3.5.1.tgz#d7b4d08e1bfdb86ad2f1a3d039ea17304717abb5"
  integrity sha512-XwIBPqcMn57FxfT+Go5pzySnm4KWkT1Tv7gjrpT1srtf8Weynl6R273VJ5GjkRb51IzMp5nbaPjJXMWeju2MKg==

"js-tokens@^3.0.0 || ^4.0.0":
  version "4.0.0"
  resolved "https://registry.yarnpkg.com/js-tokens/-/js-tokens-4.0.0.tgz#19203fb59991df98e3a287050d4647cdeaf32499"
  integrity sha512-RdJUflcE3cUzKiMqQgsCu06FPu9UdIJO0beYbPhHN4k6apgJtifcoCtT9bcxOpYBtpD2kCM6Sbzg4CausW/PKQ==

keyboard-key@^1.1.0:
  version "1.1.0"
  resolved "https://registry.yarnpkg.com/keyboard-key/-/keyboard-key-1.1.0.tgz#6f2e8e37fa11475bb1f1d65d5174f1b35653f5b7"
  integrity sha512-qkBzPTi3rlAKvX7k0/ub44sqOfXeLc/jcnGGmj5c7BJpU8eDrEVPyhCvNYAaoubbsLm9uGWwQJO1ytQK1a9/dQ==

loose-envify@^1.4.0:
  version "1.4.0"
  resolved "https://registry.yarnpkg.com/loose-envify/-/loose-envify-1.4.0.tgz#71ee51fa7be4caec1a63839f7e682d8132d30caf"
  integrity sha512-lyuxPGr/Wfhrlem2CL/UcnUc1zcqKAImBDzukY7Y5F/yQiNdko6+fRLevlw1HgMySw7f611UIY408EtxRSoK3Q==
  dependencies:
    js-tokens "^3.0.0 || ^4.0.0"

millisecond@0.1.x:
  version "0.1.2"
  resolved "https://registry.yarnpkg.com/millisecond/-/millisecond-0.1.2.tgz#6cc5ad386241cab8e78aff964f87028eec92dac5"
  integrity sha1-bMWtOGJByrjniv+WT4cCjuyS2sU=

object-assign@^4.1.1:
  version "4.1.1"
  resolved "https://registry.yarnpkg.com/object-assign/-/object-assign-4.1.1.tgz#2109adc7965887cfc05cbbd442cac8bfbb360863"
  integrity sha1-IQmtx5ZYh8/AXLvUQsrIv7s2CGM=

performance-now@^2.1.0:
  version "2.1.0"
  resolved "https://registry.yarnpkg.com/performance-now/-/performance-now-2.1.0.tgz#6309f4e0e5fa913ec1c69307ae364b4b377c9e7b"
  integrity sha1-Ywn04OX6kT7BxpMHrjZLSzd8nns=

popper.js@^1.16.1:
  version "1.16.1"
  resolved "https://registry.yarnpkg.com/popper.js/-/popper.js-1.16.1.tgz#2a223cb3dc7b6213d740e40372be40de43e65b1b"
  integrity sha512-Wb4p1J4zyFTbM+u6WuO4XstYx4Ky9Cewe4DWrel7B0w6VVICvPwdOpotjzcf6eD8TsckVnIMNONQyPIUFOUbCQ==

prop-types@^15.6.2:
  version "15.7.2"
  resolved "https://registry.yarnpkg.com/prop-types/-/prop-types-15.7.2.tgz#52c41e75b8c87e72b9d9360e0206b99dcbffa6c5"
  integrity sha512-8QQikdH7//R2vurIJSutZ1smHYTcLpRWEOlHnzcWHmBYrOGUysKwSsrC89BCiFj3CbrfJ/nXFdJepOVrY1GCHQ==
  dependencies:
    loose-envify "^1.4.0"
    object-assign "^4.1.1"
    react-is "^16.8.1"

raf@^3.4.0:
  version "3.4.1"
  resolved "https://registry.yarnpkg.com/raf/-/raf-3.4.1.tgz#0742e99a4a6552f445d73e3ee0328af0ff1ede39"
  integrity sha512-Sq4CW4QhwOHE8ucn6J34MqtZCeWFP2aQSmrlroYgqAV1PjStIhJXxYuTgUIfkEk7zTLjmIjLmU5q+fbD1NnOJA==
  dependencies:
    performance-now "^2.1.0"

react-is@^16.8.1:
  version "16.13.1"
  resolved "https://registry.yarnpkg.com/react-is/-/react-is-16.13.1.tgz#789729a4dc36de2999dc156dd6c1d9c18cea56a4"
  integrity sha512-24e6ynE2H+OKt4kqsOvNd8kBpV65zoxbA4BVsEOB3ARVWQki/DHzaUoC5KuON/BiccDaCCTZBuOcfZs70kR8bQ==

select2@^4.0.13:
  version "4.0.13"
  resolved "https://registry.yarnpkg.com/select2/-/select2-4.0.13.tgz#0dbe377df3f96167c4c1626033e924372d8ef44d"
  integrity sha512-1JeB87s6oN/TDxQQYCvS5EFoQyvV6eYMZZ0AeA4tdFDYWN3BAGZ8npr17UBFddU0lgAt3H0yjX3X6/ekOj1yjw==

smooth-scroll@^16.1.3:
  version "16.1.3"
  resolved "https://registry.yarnpkg.com/smooth-scroll/-/smooth-scroll-16.1.3.tgz#c5b68194b4186173f9f61065103ae4e26ce36885"
  integrity sha512-ca9U+neJS/cbdScTBuUTCZvUWNF2EuMCk7oAx3ImdeRK5FPm+xRo9XsVHIkeEVkn7MBRx+ufVEhyveM4ZhaTGA==

tabbable@^5.1.0:
  version "5.1.0"
  resolved "https://registry.yarnpkg.com/tabbable/-/tabbable-5.1.0.tgz#b81115168d0a8359ba69003b6a99d05f8480a664"
  integrity sha512-Y3nSukchqM5UchuZjhj/WyE79Qb4RM/Vx3x3oHO3UYKKpf70Hy3iVRxb61MzCavN74aZsKzvPl4KNG8tQUAjFQ==

tick-tock@^1.0.0:
  version "1.0.0"
  resolved "https://registry.yarnpkg.com/tick-tock/-/tick-tock-1.0.0.tgz#9c4d5964064f9551b18faded34de76ad7c1ba43e"
  integrity sha1-nE1ZZAZPlVGxj63tNN52rXwbpD4=
  dependencies:
    millisecond "0.1.x"

typewriter-effect@^2.13.1:
  version "2.13.1"
  resolved "https://registry.yarnpkg.com/typewriter-effect/-/typewriter-effect-2.13.1.tgz#c820469eec39d41b89a86867588d3a362b37171c"
  integrity sha512-SlKC2URrw/ziEEWmSQxPu4mbLrXrQibwJ3iuRFu4rXbRohT4AsBM5BvSBsqD8lUIvqqhcIS/WdWk5Us15jd3qg==
  dependencies:
    prop-types "^15.6.2"
    raf "^3.4.0"

unidragger@^2.3.0:
  version "2.3.1"
  resolved "https://registry.yarnpkg.com/unidragger/-/unidragger-2.3.1.tgz#2e8c34feff61affa96dc895234ddfc1ea4ec7515"
  integrity sha512-u+IgG7AG0MXJTKcdzAIYxCm+W5FcnA9M28203Awl6jIcE3/+9OtEyUX4Wv64y7XNKEVRKPot52IV4V6x7FlF5Q==
  dependencies:
    unipointer "^2.3.0"

unipointer@^2.3.0:
  version "2.3.0"
  resolved "https://registry.yarnpkg.com/unipointer/-/unipointer-2.3.0.tgz#ba0dc462ce31c2a88e80810e19c3bae0ce47ed9f"
  integrity sha512-m85sAoELCZhogI1owtJV3Dva7GxkHk2lI7A0otw3o0OwCuC/Q9gi7ehddigEYIAYbhkqNdri+dU1QQkrcBvirQ==
  dependencies:
    ev-emitter "^1.0.1"
